
Microsoft Visual Studio Solution File, Format Version 12.00
# Visual Studio Version 17
VisualStudioVersion = 17.8.34322.80
MinimumVisualStudioVersion = 10.0.40219.1
Project("{FAE04EC0-301F-11D3-BF4B-00C04F79EFBC}") = "QuintaEntrega", "QuintaEntrega\QuintaEntrega.csproj", "{3D46C466-2A67-432E-83FF-004D609FBEDE}"
EndProject
Global
	GlobalSection(SolutionConfigurationPlatforms) = preSolution
		Debug|Any CPU = Debug|Any CPU
		Release|Any CPU = Release|Any CPU
	EndGlobalSection
	GlobalSection(ProjectConfigurationPlatforms) = postSolution
		{3D46C466-2A67-432E-83FF-004D609FBEDE}.Debug|Any CPU.ActiveCfg = Debug|Any CPU
		{3D46C466-2A67-432E-83FF-004D609FBEDE}.Debug|Any CPU.Build.0 = Debug|Any CPU
		{3D46C466-2A67-432E-83FF-004D609FBEDE}.Release|Any CPU.ActiveCfg = Release|Any CPU
		{3D46C466-2A67-432E-83FF-004D609FBEDE}.Release|Any CPU.Build.0 = Release|Any CPU
	EndGlobalSection
	GlobalSection(SolutionProperties) = preSolution
		HideSolutionNode = FALSE
	EndGlobalSection
	GlobalSection(ExtensibilityGlobals) = postSolution
		SolutionGuid = {4E74898C-33AB-462B-BA01-4624AEABB5B9}
	EndGlobalSection
EndGlobal
